
Microsoft Visual Studio Solution File, Format Version 12.00
# Visual Studio Version 16
VisualStudioVersion = 16.0.29102.190
MinimumVisualStudioVersion = 10.0.40219.1
Project("{FAE04EC0-301F-11D3-BF4B-00C04F79EFBC}") = "BuscaVogalUnica", "BuscaVogalUnica\BuscaVogalUnica.csproj", "{19EBE047-46AD-4E92-99B3-FAB84FDFA586}"
EndProject
Project("{FAE04EC0-301F-11D3-BF4B-00C04F79EFBC}") = "BuscaVogalUnica.Test", "BuscaVogalUnica.Test\BuscaVogalUnica.Test.csproj", "{B8530E33-0E92-4387-BDDD-F454F4AFDCF3}"
EndProject
Global
	GlobalSection(SolutionConfigurationPlatforms) = preSolution
		Debug|Any CPU = Debug|Any CPU
		Release|Any CPU = Release|Any CPU
	EndGlobalSection
	GlobalSection(ProjectConfigurationPlatforms) = postSolution
		{19EBE047-46AD-4E92-99B3-FAB84FDFA586}.Debug|Any CPU.ActiveCfg = Debug|Any CPU
		{19EBE047-46AD-4E92-99B3-FAB84FDFA586}.Debug|Any CPU.Build.0 = Debug|Any CPU
		{19EBE047-46AD-4E92-99B3-FAB84FDFA586}.Release|Any CPU.ActiveCfg = Release|Any CPU
		{19EBE047-46AD-4E92-99B3-FAB84FDFA586}.Release|Any CPU.Build.0 = Release|Any CPU
		{B8530E33-0E92-4387-BDDD-F454F4AFDCF3}.Debug|Any CPU.ActiveCfg = Debug|Any CPU
		{B8530E33-0E92-4387-BDDD-F454F4AFDCF3}.Debug|Any CPU.Build.0 = Debug|Any CPU
		{B8530E33-0E92-4387-BDDD-F454F4AFDCF3}.Release|Any CPU.ActiveCfg = Release|Any CPU
		{B8530E33-0E92-4387-BDDD-F454F4AFDCF3}.Release|Any CPU.Build.0 = Release|Any CPU
	EndGlobalSection
	GlobalSection(SolutionProperties) = preSolution
		HideSolutionNode = FALSE
	EndGlobalSection
	GlobalSection(ExtensibilityGlobals) = postSolution
		SolutionGuid = {38646A6E-FEF6-4420-ADE2-2000DF13CE6A}
	EndGlobalSection
EndGlobal
